
Microsoft Visual Studio Solution File, Format Version 12.00
# Visual Studio Version 17
VisualStudioVersion = 17.14.36603.0
MinimumVisualStudioVersion = 10.0.40219.1
Project("{FAE04EC0-301F-11D3-BF4B-00C04F79EFBC}") = "Vokabeltrainer", "Vokabeltrainer\Vokabeltrainer.csproj", "{56F7047E-260B-FB87-DC9C-1A093A1AA829}"
EndProject
Global
	GlobalSection(SolutionConfigurationPlatforms) = preSolution
		Debug|Any CPU = Debug|Any CPU
		Debug|x64 = Debug|x64
		Release|Any CPU = Release|Any CPU
		Release|x64 = Release|x64
	EndGlobalSection
	GlobalSection(ProjectConfigurationPlatforms) = postSolution
		{56F7047E-260B-FB87-DC9C-1A093A1AA829}.Debug|Any CPU.ActiveCfg = Debug|Any CPU
		{56F7047E-260B-FB87-DC9C-1A093A1AA829}.Debug|Any CPU.Build.0 = Debug|Any CPU
		{56F7047E-260B-FB87-DC9C-1A093A1AA829}.Debug|x64.ActiveCfg = Debug|x64
		{56F7047E-260B-FB87-DC9C-1A093A1AA829}.Debug|x64.Build.0 = Debug|x64
		{56F7047E-260B-FB87-DC9C-1A093A1AA829}.Release|Any CPU.ActiveCfg = Release|Any CPU
		{56F7047E-260B-FB87-DC9C-1A093A1AA829}.Release|Any CPU.Build.0 = Release|Any CPU
		{56F7047E-260B-FB87-DC9C-1A093A1AA829}.Release|x64.ActiveCfg = Release|x64
		{56F7047E-260B-FB87-DC9C-1A093A1AA829}.Release|x64.Build.0 = Release|x64
	EndGlobalSection
	GlobalSection(SolutionProperties) = preSolution
		HideSolutionNode = FALSE
	EndGlobalSection
	GlobalSection(ExtensibilityGlobals) = postSolution
		SolutionGuid = {6DAB5BFC-915F-442E-8604-865DA0BA1C45}
	EndGlobalSection
EndGlobal
